
Microsoft Visual Studio Solution File, Format Version 12.00
# Visual Studio Version 16
VisualStudioVersion = 16.0.32228.343
MinimumVisualStudioVersion = 10.0.40219.1
Project("{FAE04EC0-301F-11D3-BF4B-00C04F79EFBC}") = "excepciones-cSharp", "excepciones-cSharp.csproj", "{89148F20-850E-49E7-B5CA-A542A3B5B720}"
EndProject
Global
	GlobalSection(SolutionConfigurationPlatforms) = preSolution
		Debug|Any CPU = Debug|Any CPU
		Release|Any CPU = Release|Any CPU
	EndGlobalSection
	GlobalSection(ProjectConfigurationPlatforms) = postSolution
		{89148F20-850E-49E7-B5CA-A542A3B5B720}.Debug|Any CPU.ActiveCfg = Debug|Any CPU
		{89148F20-850E-49E7-B5CA-A542A3B5B720}.Debug|Any CPU.Build.0 = Debug|Any CPU
		{89148F20-850E-49E7-B5CA-A542A3B5B720}.Release|Any CPU.ActiveCfg = Release|Any CPU
		{89148F20-850E-49E7-B5CA-A542A3B5B720}.Release|Any CPU.Build.0 = Release|Any CPU
	EndGlobalSection
	GlobalSection(SolutionProperties) = preSolution
		HideSolutionNode = FALSE
	EndGlobalSection
	GlobalSection(ExtensibilityGlobals) = postSolution
		SolutionGuid = {2F6847BE-4B1A-425D-8B81-1354B9FBDA66}
	EndGlobalSection
EndGlobal
